// !$*UTF8*$!
{
	archiveVersion = 1;
	classes = {
	};
	objectVersion = 50;
	objects = {

/* Begin PBXBuildFile section */
		AC5F4FDF20C0594900BF5700 /* AppDelegate.swift in Sources */ = {isa = PBXBuildFile; fileRef = AC5F4FDE20C0594900BF5700 /* AppDelegate.swift */; };
		AC5F4FE120C0594900BF5700 /* ViewController.swift in Sources */ = {isa = PBXBuildFile; fileRef = AC5F4FE020C0594900BF5700 /* ViewController.swift */; };
		AC5F4FE620C0594B00BF5700 /* Assets.xcassets in Resources */ = {isa = PBXBuildFile; fileRef = AC5F4FE520C0594B00BF5700 /* Assets.xcassets */; };
		AC5F4FE920C0594B00BF5700 /* LaunchScreen.storyboard in Resources */ = {isa = PBXBuildFile; fileRef = AC5F4FE720C0594B00BF5700 /* LaunchScreen.storyboard */; };
		AC5F4FF120C0EA2E00BF5700 /* NavigationBarController.swift in Sources */ = {isa = PBXBuildFile; fileRef = AC5F4FF020C0EA2E00BF5700 /* NavigationBarController.swift */; };
		AC5F4FF320C0EA7800BF5700 /* Colors.swift in Sources */ = {isa = PBXBuildFile; fileRef = AC5F4FF220C0EA7800BF5700 /* Colors.swift */; };
		AC5F4FF820C10F5000BF5700 /* TeamCell.swift in Sources */ = {isa = PBXBuildFile; fileRef = AC5F4FF720C10F5000BF5700 /* TeamCell.swift */; };
		AC5F4FFB20C10F8800BF5700 /* Team.swift in Sources */ = {isa = PBXBuildFile; fileRef = AC5F4FFA20C10F8800BF5700 /* Team.swift */; };
		AC5F4FFD20C26C2C00BF5700 /* UIView_EasyConstraints.swift in Sources */ = {isa = PBXBuildFile; fileRef = AC5F4FFC20C26C2C00BF5700 /* UIView_EasyConstraints.swift */; };
		F3928DDDEFAB2A99ACD83D32 /* Pods_NoStoryboard.framework in Frameworks */ = {isa = PBXBuildFile; fileRef = 4EC89AEBBB7C7B0680EFFFC9 /* Pods_NoStoryboard.framework */; };
/* End PBXBuildFile section */

/* Begin PBXFileReference section */
		4EC89AEBBB7C7B0680EFFFC9 /* Pods_NoStoryboard.framework */ = {isa = PBXFileReference; explicitFileType = wrapper.framework; includeInIndex = 0; path = Pods_NoStoryboard.framework; sourceTree = BUILT_PRODUCTS_DIR; };
		8CFA55787CA2E837A7E41DE5 /* Pods-NoStoryboard.release.xcconfig */ = {isa = PBXFileReference; includeInIndex = 1; lastKnownFileType = text.xcconfig; name = "Pods-NoStoryboard.release.xcconfig"; path = "Pods/Target Support Files/Pods-NoStoryboard/Pods-NoStoryboard.release.xcconfig"; sourceTree = "<group>"; };
		8E926C187DE1F56DA6242181 /* Pods-NoStoryboard.debug.xcconfig */ = {isa = PBXFileReference; includeInIndex = 1; lastKnownFileType = text.xcconfig; name = "Pods-NoStoryboard.debug.xcconfig"; path = "Pods/Target Support Files/Pods-NoStoryboard/Pods-NoStoryboard.debug.xcconfig"; sourceTree = "<group>"; };
		AC5F4FDB20C0594900BF5700 /* NoStoryboard.app */ = {isa = PBXFileReference; explicitFileType = wrapper.application; includeInIndex = 0; path = NoStoryboard.app; sourceTree = BUILT_PRODUCTS_DIR; };
		AC5F4FDE20C0594900BF5700 /* AppDelegate.swift */ = {isa = PBXFileReference; lastKnownFileType = sourcecode.swift; path = AppDelegate.swift; sourceTree = "<group>"; };
		AC5F4FE020C0594900BF5700 /* ViewController.swift */ = {isa = PBXFileReference; lastKnownFileType = sourcecode.swift; path = ViewController.swift; sourceTree = "<group>"; };
		AC5F4FE520C0594B00BF5700 /* Assets.xcassets */ = {isa = PBXFileReference; lastKnownFileType = folder.assetcatalog; path = Assets.xcassets; sourceTree = "<group>"; };
		AC5F4FE820C0594B00BF5700 /* Base */ = {isa = PBXFileReference; lastKnownFileType = file.storyboard; name = Base; path = Base.lproj/LaunchScreen.storyboard; sourceTree = "<group>"; };
		AC5F4FEA20C0594B00BF5700 /* Info.plist */ = {isa = PBXFileReference; lastKnownFileType = text.plist.xml; path = Info.plist; sourceTree = "<group>"; };
		AC5F4FF020C0EA2E00BF5700 /* NavigationBarController.swift */ = {isa = PBXFileReference; lastKnownFileType = sourcecode.swift; path = NavigationBarController.swift; sourceTree = "<group>"; };
		AC5F4FF220C0EA7800BF5700 /* Colors.swift */ = {isa = PBXFileReference; lastKnownFileType = sourcecode.swift; path = Colors.swift; sourceTree = "<group>"; };
		AC5F4FF720C10F5000BF5700 /* TeamCell.swift */ = {isa = PBXFileReference; lastKnownFileType = sourcecode.swift; path = TeamCell.swift; sourceTree = "<group>"; };
		AC5F4FFA20C10F8800BF5700 /* Team.swift */ = {isa = PBXFileReference; lastKnownFileType = sourcecode.swift; path = Team.swift; sourceTree = "<group>"; };
		AC5F4FFC20C26C2C00BF5700 /* UIView_EasyConstraints.swift */ = {isa = PBXFileReference; lastKnownFileType = sourcecode.swift; path = UIView_EasyConstraints.swift; sourceTree = "<group>"; };
/* End PBXFileReference section */

/* Begin PBXFrameworksBuildPhase section */
		AC5F4FD820C0594900BF5700 /* Frameworks */ = {
			isa = PBXFrameworksBuildPhase;
			buildActionMask = 2147483647;
			files = (
				F3928DDDEFAB2A99ACD83D32 /* Pods_NoStoryboard.framework in Frameworks */,
			);
			runOnlyForDeploymentPostprocessing = 0;
		};
/* End PBXFrameworksBuildPhase section */

/* Begin PBXGroup section */
		15BCFA5F60A75491B3C93625 /* Pods */ = {
			isa = PBXGroup;
			children = (
				8E926C187DE1F56DA6242181 /* Pods-NoStoryboard.debug.xcconfig */,
				8CFA55787CA2E837A7E41DE5 /* Pods-NoStoryboard.release.xcconfig */,
			);
			name = Pods;
			sourceTree = "<group>";
		};
		AC5F4FD220C0594900BF5700 = {
			isa = PBXGroup;
			children = (
				AC5F4FDD20C0594900BF5700 /* NoStoryboard */,
				AC5F4FDC20C0594900BF5700 /* Products */,
				15BCFA5F60A75491B3C93625 /* Pods */,
				ADC7C62DBD0CD806639D3ADA /* Frameworks */,
			);
			sourceTree = "<group>";
		};
		AC5F4FDC20C0594900BF5700 /* Products */ = {
			isa = PBXGroup;
			children = (
				AC5F4FDB20C0594900BF5700 /* NoStoryboard.app */,
			);
			name = Products;
			sourceTree = "<group>";
		};
		AC5F4FDD20C0594900BF5700 /* NoStoryboard */ = {
			isa = PBXGroup;
			children = (
				AC5F4FF920C10F7B00BF5700 /* Struct */,
				AC5F4FF620C10F3300BF5700 /* Cell */,
				AC5F4FF520C10F0600BF5700 /* Extension */,
				AC5F4FF420C10EF100BF5700 /* ViewController */,
				AC5F4FDE20C0594900BF5700 /* AppDelegate.swift */,
				AC5F4FE520C0594B00BF5700 /* Assets.xcassets */,
				AC5F4FE720C0594B00BF5700 /* LaunchScreen.storyboard */,
				AC5F4FEA20C0594B00BF5700 /* Info.plist */,
			);
			path = NoStoryboard;
			sourceTree = "<group>";
		};
		AC5F4FF420C10EF100BF5700 /* ViewController */ = {
			isa = PBXGroup;
			children = (
				AC5F4FE020C0594900BF5700 /* ViewController.swift */,
			);
			path = ViewController;
			sourceTree = "<group>";
		};
		AC5F4FF520C10F0600BF5700 /* Extension */ = {
			isa = PBXGroup;
			children = (
				AC5F4FF020C0EA2E00BF5700 /* NavigationBarController.swift */,
				AC5F4FF220C0EA7800BF5700 /* Colors.swift */,
				AC5F4FFC20C26C2C00BF5700 /* UIView_EasyConstraints.swift */,
			);
			path = Extension;
			sourceTree = "<group>";
		};
		AC5F4FF620C10F3300BF5700 /* Cell */ = {
			isa = PBXGroup;
			children = (
				AC5F4FF720C10F5000BF5700 /* TeamCell.swift */,
			);
			path = Cell;
			sourceTree = "<group>";
		};
		AC5F4FF920C10F7B00BF5700 /* Struct */ = {
			isa = PBXGroup;
			children = (
				AC5F4FFA20C10F8800BF5700 /* Team.swift */,
			);
			path = Struct;
			sourceTree = "<group>";
		};
		ADC7C62DBD0CD806639D3ADA /* Frameworks */ = {
			isa = PBXGroup;
			children = (
				4EC89AEBBB7C7B0680EFFFC9 /* Pods_NoStoryboard.framework */,
			);
			name = Frameworks;
			sourceTree = "<group>";
		};
/* End PBXGroup section */

/* Begin PBXNativeTarget section */
		AC5F4FDA20C0594900BF5700 /* NoStoryboard */ = {
			isa = PBXNativeTarget;
			buildConfigurationList = AC5F4FED20C0594B00BF5700 /* Build configuration list for PBXNativeTarget "NoStoryboard" */;
			buildPhases = (
				833CAD11C09C2A7286E30030 /* [CP] Check Pods Manifest.lock */,
				AC5F4FD720C0594900BF5700 /* Sources */,
				AC5F4FD820C0594900BF5700 /* Frameworks */,
				AC5F4FD920C0594900BF5700 /* Resources */,
				6ADCF8163E3B571972F0E21D /* [CP] Embed Pods Frameworks */,
			);
			buildRules = (
			);
			dependencies = (
			);
			name = NoStoryboard;
			productName = NoStoryboard;
			productReference = AC5F4FDB20C0594900BF5700 /* NoStoryboard.app */;
			productType = "com.apple.product-type.application";
		};
/* End PBXNativeTarget section */

/* Begin PBXProject section */
		AC5F4FD320C0594900BF5700 /* Project object */ = {
			isa = PBXProject;
			attributes = {
				LastSwiftUpdateCheck = 0930;
				LastUpgradeCheck = 0930;
				ORGANIZATIONNAME = guest;
				TargetAttributes = {
					AC5F4FDA20C0594900BF5700 = {
						CreatedOnToolsVersion = 9.3;
					};
				};
			};
			buildConfigurationList = AC5F4FD620C0594900BF5700 /* Build configuration list for PBXProject "NoStoryboard" */;
			compatibilityVersion = "Xcode 9.3";
			developmentRegion = en;
			hasScannedForEncodings = 0;
			knownRegions = (
				en,
				Base,
			);
			mainGroup = AC5F4FD220C0594900BF5700;
			productRefGroup = AC5F4FDC20C0594900BF5700 /* Products */;
			projectDirPath = "";
			projectRoot = "";
			targets = (
				AC5F4FDA20C0594900BF5700 /* NoStoryboard */,
			);
		};
/* End PBXProject section */

/* Begin PBXResourcesBuildPhase section */
		AC5F4FD920C0594900BF5700 /* Resources */ = {
			isa = PBXResourcesBuildPhase;
			buildActionMask = 2147483647;
			files = (
				AC5F4FE920C0594B00BF5700 /* LaunchScreen.storyboard in Resources */,
				AC5F4FE620C0594B00BF5700 /* Assets.xcassets in Resources */,
			);
			runOnlyForDeploymentPostprocessing = 0;
		};
/* End PBXResourcesBuildPhase section */

/* Begin PBXShellScriptBuildPhase section */
		6ADCF8163E3B571972F0E21D /* [CP] Embed Pods Frameworks */ = {
			isa = PBXShellScriptBuildPhase;
			buildActionMask = 2147483647;
			files = (
			);
			inputPaths = (
				"${SRCROOT}/Pods/Target Support Files/Pods-NoStoryboard/Pods-NoStoryboard-frameworks.sh",
				"${BUILT_PRODUCTS_DIR}/TinyConstraints/TinyConstraints.framework",
			);
			name = "[CP] Embed Pods Frameworks";
			outputPaths = (
				"${TARGET_BUILD_DIR}/${FRAMEWORKS_FOLDER_PATH}/TinyConstraints.framework",
			);
			runOnlyForDeploymentPostprocessing = 0;
			shellPath = /bin/sh;
			shellScript = "\"${SRCROOT}/Pods/Target Support Files/Pods-NoStoryboard/Pods-NoStoryboard-frameworks.sh\"\n";
			showEnvVarsInLog = 0;
		};
		833CAD11C09C2A7286E30030 /* [CP] Check Pods Manifest.lock */ = {
			isa = PBXShellScriptBuildPhase;
			buildActionMask = 2147483647;
			files = (
			);
			inputPaths = (
				"${PODS_PODFILE_DIR_PATH}/Podfile.lock",
				"${PODS_ROOT}/Manifest.lock",
			);
			name = "[CP] Check Pods Manifest.lock";
			outputPaths = (
				"$(DERIVED_FILE_DIR)/Pods-NoStoryboard-checkManifestLockResult.txt",
			);
			runOnlyForDeploymentPostprocessing = 0;
			shellPath = /bin/sh;
			shellScript = "diff \"${PODS_PODFILE_DIR_PATH}/Podfile.lock\" \"${PODS_ROOT}/Manifest.lock\" > /dev/null\nif [ $? != 0 ] ; then\n    # print error to STDERR\n    echo \"error: The sandbox is not in sync with the Podfile.lock. Run 'pod install' or update your CocoaPods installation.\" >&2\n    exit 1\nfi\n# This output is used by Xcode 'outputs' to avoid re-running this script phase.\necho \"SUCCESS\" > \"${SCRIPT_OUTPUT_FILE_0}\"\n";
			showEnvVarsInLog = 0;
		};
/* End PBXShellScriptBuildPhase section */

/* Begin PBXSourcesBuildPhase section */
		AC5F4FD720C0594900BF5700 /* Sources */ = {
			isa = PBXSourcesBuildPhase;
			buildActionMask = 2147483647;
			files = (
				AC5F4FFD20C26C2C00BF5700 /* UIView_EasyConstraints.swift in Sources */,
				AC5F4FFB20C10F8800BF5700 /* Team.swift in Sources */,
				AC5F4FE120C0594900BF5700 /* ViewController.swift in Sources */,
				AC5F4FF320C0EA7800BF5700 /* Colors.swift in Sources */,
				AC5F4FF820C10F5000BF5700 /* TeamCell.swift in Sources */,
				AC5F4FF120C0EA2E00BF5700 /* NavigationBarController.swift in Sources */,
				AC5F4FDF20C0594900BF5700 /* AppDelegate.swift in Sources */,
			);
			runOnlyForDeploymentPostprocessing = 0;
		};
/* End PBXSourcesBuildPhase section */

/* Begin PBXVariantGroup section */
		AC5F4FE720C0594B00BF5700 /* LaunchScreen.storyboard */ = {
			isa = PBXVariantGroup;
			children = (
				AC5F4FE820C0594B00BF5700 /* Base */,
			);
			name = LaunchScreen.storyboard;
			sourceTree = "<group>";
		};
/* End PBXVariantGroup section */

/* Begin XCBuildConfiguration section */
		AC5F4FEB20C0594B00BF5700 /* Debug */ = {
			isa = XCBuildConfiguration;
			buildSettings = {
				ALWAYS_SEARCH_USER_PATHS = NO;
				CLANG_ANALYZER_NONNULL = YES;
				CLANG_ANALYZER_NUMBER_OBJECT_CONVERSION = YES_AGGRESSIVE;
				CLANG_CXX_LANGUAGE_STANDARD = "gnu++14";
				CLANG_CXX_LIBRARY = "libc++";
				CLANG_ENABLE_MODULES = YES;
				CLANG_ENABLE_OBJC_ARC = YES;
				CLANG_ENABLE_OBJC_WEAK = YES;
				CLANG_WARN_BLOCK_CAPTURE_AUTORELEASING = YES;
				CLANG_WARN_BOOL_CONVERSION = YES;
				CLANG_WARN_COMMA = YES;
				CLANG_WARN_CONSTANT_CONVERSION = YES;
				CLANG_WARN_DEPRECATED_OBJC_IMPLEMENTATIONS = YES;
				CLANG_WARN_DIRECT_OBJC_ISA_USAGE = YES_ERROR;
				CLANG_WARN_DOCUMENTATION_COMMENTS = YES;
				CLANG_WARN_EMPTY_BODY = YES;
				CLANG_WARN_ENUM_CONVERSION = YES;
				CLANG_WARN_INFINITE_RECURSION = YES;
				CLANG_WARN_INT_CONVERSION = YES;
				CLANG_WARN_NON_LITERAL_NULL_CONVERSION = YES;
				CLANG_WARN_OBJC_IMPLICIT_RETAIN_SELF = YES;
				CLANG_WARN_OBJC_LITERAL_CONVERSION = YES;
				CLANG_WARN_OBJC_ROOT_CLASS = YES_ERROR;
				CLANG_WARN_RANGE_LOOP_ANALYSIS = YES;
				CLANG_WARN_STRICT_PROTOTYPES = YES;
				CLANG_WARN_SUSPICIOUS_MOVE = YES;
				CLANG_WARN_UNGUARDED_AVAILABILITY = YES_AGGRESSIVE;
				CLANG_WARN_UNREACHABLE_CODE = YES;
				CLANG_WARN__DUPLICATE_METHOD_MATCH = YES;
				CODE_SIGN_IDENTITY = "iPhone Developer";
				COPY_PHASE_STRIP = NO;
				DEBUG_INFORMATION_FORMAT = dwarf;
				ENABLE_STRICT_OBJC_MSGSEND = YES;
				ENABLE_TESTABILITY = YES;
				GCC_C_LANGUAGE_STANDARD = gnu11;
				GCC_DYNAMIC_NO_PIC = NO;
				GCC_NO_COMMON_BLOCKS = YES;
				GCC_OPTIMIZATION_LEVEL = 0;
				GCC_PREPROCESSOR_DEFINITIONS = (
					"DEBUG=1",
					"$(inherited)",
				);
				GCC_WARN_64_TO_32_BIT_CONVERSION = YES;
				GCC_WARN_ABOUT_RETURN_TYPE = YES_ERROR;
				GCC_WARN_UNDECLARED_SELECTOR = YES;
				GCC_WARN_UNINITIALIZED_AUTOS = YES_AGGRESSIVE;
				GCC_WARN_UNUSED_FUNCTION = YES;
				GCC_WARN_UNUSED_VARIABLE = YES;
				IPHONEOS_DEPLOYMENT_TARGET = 11.3;
				MTL_ENABLE_DEBUG_INFO = YES;
				ONLY_ACTIVE_ARCH = YES;
				SDKROOT = iphoneos;
				SWIFT_ACTIVE_COMPILATION_CONDITIONS = DEBUG;
				SWIFT_OPTIMIZATION_LEVEL = "-Onone";
			};
			name = Debug;
		};
		AC5F4FEC20C0594B00BF5700 /* Release */ = {
			isa = XCBuildConfiguration;
			buildSettings = {
				ALWAYS_SEARCH_USER_PATHS = NO;
				CLANG_ANALYZER_NONNULL = YES;
				CLANG_ANALYZER_NUMBER_OBJECT_CONVERSION = YES_AGGRESSIVE;
				CLANG_CXX_LANGUAGE_STANDARD = "gnu++14";
				CLANG_CXX_LIBRARY = "libc++";
				CLANG_ENABLE_MODULES = YES;
				CLANG_ENABLE_OBJC_ARC = YES;
				CLANG_ENABLE_OBJC_WEAK = YES;
				CLANG_WARN_BLOCK_CAPTURE_AUTORELEASING = YES;
				CLANG_WARN_BOOL_CONVERSION = YES;
				CLANG_WARN_COMMA = YES;
				CLANG_WARN_CONSTANT_CONVERSION = YES;
				CLANG_WARN_DEPRECATED_OBJC_IMPLEMENTATIONS = YES;
				CLANG_WARN_DIRECT_OBJC_ISA_USAGE = YES_ERROR;
				CLANG_WARN_DOCUMENTATION_COMMENTS = YES;
				CLANG_WARN_EMPTY_BODY = YES;
				CLANG_WARN_ENUM_CONVERSION = YES;
				CLANG_WARN_INFINITE_RECURSION = YES;
				CLANG_WARN_INT_CONVERSION = YES;
				CLANG_WARN_NON_LITERAL_NULL_CONVERSION = YES;
				CLANG_WARN_OBJC_IMPLICIT_RETAIN_SELF = YES;
				CLANG_WARN_OBJC_LITERAL_CONVERSION = YES;
				CLANG_WARN_OBJC_ROOT_CLASS = YES_ERROR;
				CLANG_WARN_RANGE_LOOP_ANALYSIS = YES;
				CLANG_WARN_STRICT_PROTOTYPES = YES;
				CLANG_WARN_SUSPICIOUS_MOVE = YES;
				CLANG_WARN_UNGUARDED_AVAILABILITY = YES_AGGRESSIVE;
				CLANG_WARN_UNREACHABLE_CODE = YES;
				CLANG_WARN__DUPLICATE_METHOD_MATCH = YES;
				CODE_SIGN_IDENTITY = "iPhone Developer";
				COPY_PHASE_STRIP = NO;
				DEBUG_INFORMATION_FORMAT = "dwarf-with-dsym";
				ENABLE_NS_ASSERTIONS = NO;
				ENABLE_STRICT_OBJC_MSGSEND = YES;
				GCC_C_LANGUAGE_STANDARD = gnu11;
				GCC_NO_COMMON_BLOCKS = YES;
				GCC_WARN_64_TO_32_BIT_CONVERSION = YES;
				GCC_WARN_ABOUT_RETURN_TYPE = YES_ERROR;
				GCC_WARN_UNDECLARED_SELECTOR = YES;
				GCC_WARN_UNINITIALIZED_AUTOS = YES_AGGRESSIVE;
				GCC_WARN_UNUSED_FUNCTION = YES;
				GCC_WARN_UNUSED_VARIABLE = YES;
				IPHONEOS_DEPLOYMENT_TARGET = 11.3;
				MTL_ENABLE_DEBUG_INFO = NO;
				SDKROOT = iphoneos;
				SWIFT_COMPILATION_MODE = wholemodule;
				SWIFT_OPTIMIZATION_LEVEL = "-O";
				VALIDATE_PRODUCT = YES;
			};
			name = Release;
		};
		AC5F4FEE20C0594B00BF5700 /* Debug */ = {
			isa = XCBuildConfiguration;
			baseConfigurationReference = 8E926C187DE1F56DA6242181 /* Pods-NoStoryboard.debug.xcconfig */;
			buildSettings = {
				ASSETCATALOG_COMPILER_APPICON_NAME = AppIcon;
				CODE_SIGN_STYLE = Automatic;
				INFOPLIST_FILE = NoStoryboard/Info.plist;
				LD_RUNPATH_SEARCH_PATHS = (
					"$(inherited)",
					"@executable_path/Frameworks",
				);
				PRODUCT_BUNDLE_IDENTIFIER = com.jec.17cm0219.NoStoryboard;
				PRODUCT_NAME = "$(TARGET_NAME)";
				SWIFT_VERSION = 4.0;
				TARGETED_DEVICE_FAMILY = "1,2";
			};
			name = Debug;
		};
		AC5F4FEF20C0594B00BF5700 /* Release */ = {
			isa = XCBuildConfiguration;
			baseConfigurationReference = 8CFA55787CA2E837A7E41DE5 /* Pods-NoStoryboard.release.xcconfig */;
			buildSettings = {
				ASSETCATALOG_COMPILER_APPICON_NAME = AppIcon;
				CODE_SIGN_STYLE = Automatic;
				INFOPLIST_FILE = NoStoryboard/Info.plist;
				LD_RUNPATH_SEARCH_PATHS = (
					"$(inherited)",
					"@executable_path/Frameworks",
				);
				PRODUCT_BUNDLE_IDENTIFIER = com.jec.17cm0219.NoStoryboard;
				PRODUCT_NAME = "$(TARGET_NAME)";
				SWIFT_VERSION = 4.0;
				TARGETED_DEVICE_FAMILY = "1,2";
			};
			name = Release;
		};
/* End XCBuildConfiguration section */

/* Begin XCConfigurationList section */
		AC5F4FD620C0594900BF5700 /* Build configuration list for PBXProject "NoStoryboard" */ = {
			isa = XCConfigurationList;
			buildConfigurations = (
				AC5F4FEB20C0594B00BF5700 /* Debug */,
				AC5F4FEC20C0594B00BF5700 /* Release */,
			);
			defaultConfigurationIsVisible = 0;
			defaultConfigurationName = Release;
		};
		AC5F4FED20C0594B00BF5700 /* Build configuration list for PBXNativeTarget "NoStoryboard" */ = {
			isa = XCConfigurationList;
			buildConfigurations = (
				AC5F4FEE20C0594B00BF5700 /* Debug */,
				AC5F4FEF20C0594B00BF5700 /* Release */,
			);
			defaultConfigurationIsVisible = 0;
			defaultConfigurationName = Release;
		};
/* End XCConfigurationList section */
	};
	rootObject = AC5F4FD320C0594900BF5700 /* Project object */;
}
